
Microsoft Visual Studio Solution File, Format Version 12.00
# Visual Studio Version 17
VisualStudioVersion = 17.1.32414.318
MinimumVisualStudioVersion = 10.0.40219.1
Project("{2150E333-8FDC-42A3-9474-1A3956D46DE8}") = "Solution files", "Solution files", "{1FBD81CF-8EA2-49FB-8F7A-30DF3F56B714}"
	ProjectSection(SolutionItems) = preProject
		.gitignore = .gitignore
		LICENSE = LICENSE
		README.md = README.md
	EndProjectSection
EndProject
Project("{9A19103F-16F7-4668-BE54-9A1E7A4F7556}") = "WhatsNew.PatternMatching", "WhatsNew.PatternMatching\WhatsNew.PatternMatching.csproj", "{1CF3E46C-D93D-460A-B12F-E60CBED40656}"
EndProject
Project("{9A19103F-16F7-4668-BE54-9A1E7A4F7556}") = "WhatsNew.InitOnlySetters", "WhatsNew.InitOnlySetters\WhatsNew.InitOnlySetters.csproj", "{DF18E6A0-E6E3-46BF-81E2-CC3C4E22CE2A}"
EndProject
Project("{9A19103F-16F7-4668-BE54-9A1E7A4F7556}") = "WhatsNew.TopLevelStatement", "WhatsNew.TopLevelStatement\WhatsNew.TopLevelStatement.csproj", "{12EF770E-44CE-4589-9AC2-8CD3C0AE2B2F}"
EndProject
Project("{FAE04EC0-301F-11D3-BF4B-00C04F79EFBC}") = "WhatsNew.GlobalUsingDirectives", "WhatsNew.GlobalUsingDirectives\WhatsNew.GlobalUsingDirectives.csproj", "{FFAAEF42-F00A-4698-9ECC-BB064AE5C06C}"
EndProject
Project("{FAE04EC0-301F-11D3-BF4B-00C04F79EFBC}") = "WhatsNew.FileScopedNamespaces", "WhatsNew.FileScopedNamespaces\WhatsNew.FileScopedNamespaces.csproj", "{6AD2CDB4-F877-4092-884C-06920822E1FD}"
EndProject
Global
	GlobalSection(SolutionConfigurationPlatforms) = preSolution
		Debug|Any CPU = Debug|Any CPU
		Release|Any CPU = Release|Any CPU
	EndGlobalSection
	GlobalSection(ProjectConfigurationPlatforms) = postSolution
		{1CF3E46C-D93D-460A-B12F-E60CBED40656}.Debug|Any CPU.ActiveCfg = Debug|Any CPU
		{1CF3E46C-D93D-460A-B12F-E60CBED40656}.Debug|Any CPU.Build.0 = Debug|Any CPU
		{1CF3E46C-D93D-460A-B12F-E60CBED40656}.Release|Any CPU.ActiveCfg = Release|Any CPU
		{1CF3E46C-D93D-460A-B12F-E60CBED40656}.Release|Any CPU.Build.0 = Release|Any CPU
		{DF18E6A0-E6E3-46BF-81E2-CC3C4E22CE2A}.Debug|Any CPU.ActiveCfg = Debug|Any CPU
		{DF18E6A0-E6E3-46BF-81E2-CC3C4E22CE2A}.Debug|Any CPU.Build.0 = Debug|Any CPU
		{DF18E6A0-E6E3-46BF-81E2-CC3C4E22CE2A}.Release|Any CPU.ActiveCfg = Release|Any CPU
		{DF18E6A0-E6E3-46BF-81E2-CC3C4E22CE2A}.Release|Any CPU.Build.0 = Release|Any CPU
		{12EF770E-44CE-4589-9AC2-8CD3C0AE2B2F}.Debug|Any CPU.ActiveCfg = Debug|Any CPU
		{12EF770E-44CE-4589-9AC2-8CD3C0AE2B2F}.Debug|Any CPU.Build.0 = Debug|Any CPU
		{12EF770E-44CE-4589-9AC2-8CD3C0AE2B2F}.Release|Any CPU.ActiveCfg = Release|Any CPU
		{12EF770E-44CE-4589-9AC2-8CD3C0AE2B2F}.Release|Any CPU.Build.0 = Release|Any CPU
		{FFAAEF42-F00A-4698-9ECC-BB064AE5C06C}.Debug|Any CPU.ActiveCfg = Debug|Any CPU
		{FFAAEF42-F00A-4698-9ECC-BB064AE5C06C}.Debug|Any CPU.Build.0 = Debug|Any CPU
		{FFAAEF42-F00A-4698-9ECC-BB064AE5C06C}.Release|Any CPU.ActiveCfg = Release|Any CPU
		{FFAAEF42-F00A-4698-9ECC-BB064AE5C06C}.Release|Any CPU.Build.0 = Release|Any CPU
		{6AD2CDB4-F877-4092-884C-06920822E1FD}.Debug|Any CPU.ActiveCfg = Debug|Any CPU
		{6AD2CDB4-F877-4092-884C-06920822E1FD}.Debug|Any CPU.Build.0 = Debug|Any CPU
		{6AD2CDB4-F877-4092-884C-06920822E1FD}.Release|Any CPU.ActiveCfg = Release|Any CPU
		{6AD2CDB4-F877-4092-884C-06920822E1FD}.Release|Any CPU.Build.0 = Release|Any CPU
	EndGlobalSection
	GlobalSection(SolutionProperties) = preSolution
		HideSolutionNode = FALSE
	EndGlobalSection
	GlobalSection(ExtensibilityGlobals) = postSolution
		SolutionGuid = {BB47AD7E-10C8-4AD9-A511-ADC68A183E56}
	EndGlobalSection
EndGlobal
