
Microsoft Visual Studio Solution File, Format Version 12.00
# Visual Studio Version 17
VisualStudioVersion = 17.1.32414.318
MinimumVisualStudioVersion = 10.0.40219.1
Project("{2150E333-8FDC-42A3-9474-1A3956D46DE8}") = "Solution files", "Solution files", "{1FBD81CF-8EA2-49FB-8F7A-30DF3F56B714}"
	ProjectSection(SolutionItems) = preProject
		.gitignore = .gitignore
		LICENSE = LICENSE
		README.md = README.md
	EndProjectSection
EndProject
Project("{FAE04EC0-301F-11D3-BF4B-00C04F79EFBC}") = "WhatsNew.PatternMatching", "WhatsNew.PatternMatching\WhatsNew.PatternMatching.csproj", "{1CF3E46C-D93D-460A-B12F-E60CBED40656}"
EndProject
Global
	GlobalSection(SolutionConfigurationPlatforms) = preSolution
		Debug|Any CPU = Debug|Any CPU
		Release|Any CPU = Release|Any CPU
	EndGlobalSection
	GlobalSection(ProjectConfigurationPlatforms) = postSolution
		{1CF3E46C-D93D-460A-B12F-E60CBED40656}.Debug|Any CPU.ActiveCfg = Debug|Any CPU
		{1CF3E46C-D93D-460A-B12F-E60CBED40656}.Debug|Any CPU.Build.0 = Debug|Any CPU
		{1CF3E46C-D93D-460A-B12F-E60CBED40656}.Release|Any CPU.ActiveCfg = Release|Any CPU
		{1CF3E46C-D93D-460A-B12F-E60CBED40656}.Release|Any CPU.Build.0 = Release|Any CPU
	EndGlobalSection
	GlobalSection(SolutionProperties) = preSolution
		HideSolutionNode = FALSE
	EndGlobalSection
	GlobalSection(ExtensibilityGlobals) = postSolution
		SolutionGuid = {BB47AD7E-10C8-4AD9-A511-ADC68A183E56}
	EndGlobalSection
EndGlobal
